
Microsoft Visual Studio Solution File, Format Version 12.00
# Visual Studio 15
VisualStudioVersion = 15.0.27703.2042
MinimumVisualStudioVersion = 10.0.40219.1
Project("{FAE04EC0-301F-11D3-BF4B-00C04F79EFBC}") = "FuncLibrary", "FuncLibrary.csproj", "{833C99A7-E63A-4B4D-B3CA-038D5FBD760B}"
EndProject
Global
	GlobalSection(SolutionConfigurationPlatforms) = preSolution
		Debug|Any CPU = Debug|Any CPU
		Release|Any CPU = Release|Any CPU
	EndGlobalSection
	GlobalSection(ProjectConfigurationPlatforms) = postSolution
		{833C99A7-E63A-4B4D-B3CA-038D5FBD760B}.Debug|Any CPU.ActiveCfg = Debug|Any CPU
		{833C99A7-E63A-4B4D-B3CA-038D5FBD760B}.Debug|Any CPU.Build.0 = Debug|Any CPU
		{833C99A7-E63A-4B4D-B3CA-038D5FBD760B}.Release|Any CPU.ActiveCfg = Release|Any CPU
		{833C99A7-E63A-4B4D-B3CA-038D5FBD760B}.Release|Any CPU.Build.0 = Release|Any CPU
	EndGlobalSection
	GlobalSection(SolutionProperties) = preSolution
		HideSolutionNode = FALSE
	EndGlobalSection
	GlobalSection(ExtensibilityGlobals) = postSolution
		SolutionGuid = {29116694-A3D7-477F-9515-25B0F9CFF3C2}
	EndGlobalSection
EndGlobal
